
Microsoft Visual Studio Solution File, Format Version 12.00
# Visual Studio Version 17
VisualStudioVersion = 17.1.32421.90
MinimumVisualStudioVersion = 10.0.40219.1
Project("{FAE04EC0-301F-11D3-BF4B-00C04F79EFBC}") = "WinFormsAppCFX", "WinFormsAppCFX.csproj", "{0C88D0E6-B2FB-4DDB-BE8A-74BA1F6C984B}"
EndProject
Global
	GlobalSection(SolutionConfigurationPlatforms) = preSolution
		Debug|Any CPU = Debug|Any CPU
		Release|Any CPU = Release|Any CPU
	EndGlobalSection
	GlobalSection(ProjectConfigurationPlatforms) = postSolution
		{0C88D0E6-B2FB-4DDB-BE8A-74BA1F6C984B}.Debug|Any CPU.ActiveCfg = Debug|Any CPU
		{0C88D0E6-B2FB-4DDB-BE8A-74BA1F6C984B}.Debug|Any CPU.Build.0 = Debug|Any CPU
		{0C88D0E6-B2FB-4DDB-BE8A-74BA1F6C984B}.Release|Any CPU.ActiveCfg = Release|Any CPU
		{0C88D0E6-B2FB-4DDB-BE8A-74BA1F6C984B}.Release|Any CPU.Build.0 = Release|Any CPU
	EndGlobalSection
	GlobalSection(SolutionProperties) = preSolution
		HideSolutionNode = FALSE
	EndGlobalSection
	GlobalSection(ExtensibilityGlobals) = postSolution
		SolutionGuid = {002989DB-7ED3-467B-9B73-C22DC1C8B532}
	EndGlobalSection
EndGlobal
